
Microsoft Visual Studio Solution File, Format Version 12.00
# Visual Studio Version 17
VisualStudioVersion = 17.14.36401.2 d17.14
MinimumVisualStudioVersion = 10.0.40219.1
Project("{FAE04EC0-301F-11D3-BF4B-00C04F79EFBC}") = "1431_KidsWithGreatestNumberOfCandies", "1431_KidsWithGreatestNumberOfCandies\1431_KidsWithGreatestNumberOfCandies.csproj", "{87AB282F-5F9A-4FCE-8C73-8DC983EEAF4B}"
EndProject
Global
	GlobalSection(SolutionConfigurationPlatforms) = preSolution
		Debug|Any CPU = Debug|Any CPU
		Release|Any CPU = Release|Any CPU
	EndGlobalSection
	GlobalSection(ProjectConfigurationPlatforms) = postSolution
		{87AB282F-5F9A-4FCE-8C73-8DC983EEAF4B}.Debug|Any CPU.ActiveCfg = Debug|Any CPU
		{87AB282F-5F9A-4FCE-8C73-8DC983EEAF4B}.Debug|Any CPU.Build.0 = Debug|Any CPU
		{87AB282F-5F9A-4FCE-8C73-8DC983EEAF4B}.Release|Any CPU.ActiveCfg = Release|Any CPU
		{87AB282F-5F9A-4FCE-8C73-8DC983EEAF4B}.Release|Any CPU.Build.0 = Release|Any CPU
	EndGlobalSection
	GlobalSection(SolutionProperties) = preSolution
		HideSolutionNode = FALSE
	EndGlobalSection
	GlobalSection(ExtensibilityGlobals) = postSolution
		SolutionGuid = {43D560B8-9A2E-4207-BFC1-5A4586C3F962}
	EndGlobalSection
EndGlobal
